
Microsoft Visual Studio Solution File, Format Version 12.00
# Visual Studio Version 16
VisualStudioVersion = 16.0.34301.259
MinimumVisualStudioVersion = 10.0.40219.1
Project("{FAE04EC0-301F-11D3-BF4B-00C04F79EFBC}") = "LambdaExamples", "LambdaExamples\LambdaExamples.csproj", "{006B7C3C-EC18-4F86-92DE-B667DE38E2E6}"
EndProject
Project("{FAE04EC0-301F-11D3-BF4B-00C04F79EFBC}") = "GenericExamples", "GenericExamples\GenericExamples.csproj", "{7A2EAAA0-9EBF-40B4-BF74-92F1D8A6477D}"
EndProject
Project("{FAE04EC0-301F-11D3-BF4B-00C04F79EFBC}") = "LINQExamples", "LINQExamples\LINQExamples.csproj", "{9811680D-967E-4479-9BC5-30A8F58BD8E8}"
EndProject
Project("{FAE04EC0-301F-11D3-BF4B-00C04F79EFBC}") = "EffectiveCSharpExamples", "EffectiveCSharpExamples\EffectiveCSharpExamples.csproj", "{E33D636F-6A26-45AF-97E8-5E9AE88B8481}"
EndProject
Project("{FAE04EC0-301F-11D3-BF4B-00C04F79EFBC}") = "SqliteExamples", "SqliteExamples\SqliteExamples.csproj", "{6C44F5A0-6719-4907-9CD4-07678C4C4B13}"
EndProject
Project("{FAE04EC0-301F-11D3-BF4B-00C04F79EFBC}") = "EntityFrameworkExamples", "EntityFrameworkExamples\EntityFrameworkExamples.csproj", "{D65B1370-A3B5-4880-98BD-13DD060741A6}"
EndProject
Project("{FAE04EC0-301F-11D3-BF4B-00C04F79EFBC}") = "ArrayExamples", "ArrayExamples\ArrayExamples.csproj", "{04A0A01D-EC59-495D-B1C8-87A1F663CB85}"
EndProject
Project("{FAE04EC0-301F-11D3-BF4B-00C04F79EFBC}") = "ListIListExamples", "ListIListExamples\ListIListExamples.csproj", "{93D5DCF4-7A74-40D4-9A6D-2C341B4E554A}"
EndProject
Project("{FAE04EC0-301F-11D3-BF4B-00C04F79EFBC}") = "MinimalExample", "MinimalExample\MinimalExample.csproj", "{863CA4E2-8307-4504-A645-3DC0D9D5E80C}"
EndProject
Project("{FAE04EC0-301F-11D3-BF4B-00C04F79EFBC}") = "DataTypeExamples", "DataTypeExamples\DataTypeExamples.csproj", "{2DFB9102-CD1A-44B8-912D-F19D18D42AF8}"
EndProject
Project("{FAE04EC0-301F-11D3-BF4B-00C04F79EFBC}") = "StructExamples", "StructExamples\StructExamples.csproj", "{B223185A-8333-45CA-97E0-AF0A940DD89A}"
EndProject
Project("{FAE04EC0-301F-11D3-BF4B-00C04F79EFBC}") = "InterfaceExample", "InterfaceExample\InterfaceExample.csproj", "{C77DA69D-D1F4-472A-A9ED-65CE3B859382}"
EndProject
Project("{FAE04EC0-301F-11D3-BF4B-00C04F79EFBC}") = "ConstExamples", "ConstExamples\ConstExamples.csproj", "{70E279D5-F808-4CFC-8D2A-C5610E9F49F4}"
EndProject
Project("{FAE04EC0-301F-11D3-BF4B-00C04F79EFBC}") = "InputExamples", "InputExamples\InputExamples.csproj", "{9F731F1A-02B9-4659-93C7-82DC5FC98E6A}"
EndProject
Project("{FAE04EC0-301F-11D3-BF4B-00C04F79EFBC}") = "MathExamples", "MathExamples\MathExamples.csproj", "{A4426987-AA08-49C8-A83F-CB217393D080}"
EndProject
Project("{FAE04EC0-301F-11D3-BF4B-00C04F79EFBC}") = "ClassExamples", "ClassExamples\ClassExamples.csproj", "{BBD69E7D-CB5D-4788-B5F9-55DD14F2BB09}"
EndProject
Project("{FAE04EC0-301F-11D3-BF4B-00C04F79EFBC}") = "DelegateExamples", "DelegateExamples\DelegateExamples.csproj", "{32ED263E-DB21-4A77-84B2-9EFDF821FF5C}"
EndProject
Project("{FAE04EC0-301F-11D3-BF4B-00C04F79EFBC}") = "VisualStudioExtensionExample", "VisualStudioExtensionExample\VisualStudioExtensionExample.csproj", "{36A0EBE5-85D2-4B9A-950E-F76787E30DA6}"
EndProject
Project("{FAE04EC0-301F-11D3-BF4B-00C04F79EFBC}") = "HttpClientExample", "HttpClientExample\HttpClientExample.csproj", "{AF7F2584-63E5-4F82-A240-5ABE0A07616C}"
EndProject
Project("{FAE04EC0-301F-11D3-BF4B-00C04F79EFBC}") = "StreamWriterExample", "StreamWriterExample\StreamWriterExample.csproj", "{A0524AA0-23CD-4FA3-B766-4F8B9B52B194}"
EndProject
Project("{FAE04EC0-301F-11D3-BF4B-00C04F79EFBC}") = "IOExample", "IOExample\IOExample.csproj", "{8C2D2502-16A0-408D-A9FF-AC1E8A849AB0}"
EndProject
Project("{FAE04EC0-301F-11D3-BF4B-00C04F79EFBC}") = "ProcessExample", "ProcessExample\ProcessExample.csproj", "{8EA5EEAF-7328-4A97-99C2-29A9A236647E}"
EndProject
Project("{FAE04EC0-301F-11D3-BF4B-00C04F79EFBC}") = "BaseTypeExample", "BaseTypeExample\BaseTypeExample.csproj", "{9A0386B1-DB28-4BD0-AC36-E21FE56A50A3}"
EndProject
Project("{FAE04EC0-301F-11D3-BF4B-00C04F79EFBC}") = "FieldExample", "FieldExample\FieldExample.csproj", "{137B77DA-B623-45D4-8641-7F91C59BE224}"
EndProject
Project("{FAE04EC0-301F-11D3-BF4B-00C04F79EFBC}") = "EnumExample", "EnumExample\EnumExample.csproj", "{8454AE0B-0A42-466B-86FD-1BB670C7C30F}"
EndProject
Project("{FAE04EC0-301F-11D3-BF4B-00C04F79EFBC}") = "DapperExample", "DapperExample\DapperExample.csproj", "{3290FE50-9218-4A5C-875B-F46678C2D4E0}"
EndProject
Project("{FAE04EC0-301F-11D3-BF4B-00C04F79EFBC}") = "SerializeExample", "SerializeExample\SerializeExample.csproj", "{3B71AA60-B0BF-44FB-A68B-B756A65A2441}"
EndProject
Project("{FAE04EC0-301F-11D3-BF4B-00C04F79EFBC}") = "Log4NetExample", "Log4NetExample\Log4NetExample.csproj", "{F33578FB-C0CD-4589-A3A3-580ED599593B}"
EndProject
Project("{FAE04EC0-301F-11D3-BF4B-00C04F79EFBC}") = "RandomExample", "RandomExample\RandomExample.csproj", "{75CE8287-FA28-469A-AF34-75C4331FFF6C}"
EndProject
Project("{FAE04EC0-301F-11D3-BF4B-00C04F79EFBC}") = "UnitTestMainLibraryExample", "UnitTestMainLibraryExample\UnitTestMainLibraryExample.csproj", "{D4A28A75-6FBF-47DD-9C7B-6321A409339F}"
EndProject
Project("{FAE04EC0-301F-11D3-BF4B-00C04F79EFBC}") = "UnitTestMainLibraryExampleTests", "UnitTestMainLibraryExampleTests\UnitTestMainLibraryExampleTests.csproj", "{9B4D4A6E-11AC-4E74-A477-744ED16ABCE0}"
EndProject
Project("{FAE04EC0-301F-11D3-BF4B-00C04F79EFBC}") = "LearnMyCalculatorApp", "LearnMyCalculatorApp\LearnMyCalculatorApp.csproj", "{592B8EEF-6251-4C30-B57E-ACA77F21F216}"
EndProject
Project("{FAE04EC0-301F-11D3-BF4B-00C04F79EFBC}") = "LearnMyCalculatorApp.Tests", "LearnMyCalculatorApp.Tests\LearnMyCalculatorApp.Tests.csproj", "{C1998B2A-DAB9-4630-A498-AFF95139FC70}"
EndProject
Project("{FAE04EC0-301F-11D3-BF4B-00C04F79EFBC}") = "ClassLibraryExample", "ClassLibraryExample\ClassLibraryExample.csproj", "{AA7ED556-3169-47B3-88DF-42CAD8563522}"
EndProject
Project("{FAE04EC0-301F-11D3-BF4B-00C04F79EFBC}") = "AbstractExample", "AbstractExample\AbstractExample.csproj", "{269A48C0-4837-421E-9F52-00A376C929D4}"
EndProject
Project("{FAE04EC0-301F-11D3-BF4B-00C04F79EFBC}") = "WebApplicationFileUploadExample", "WebApplicationFileUploadExample\WebApplicationFileUploadExample.csproj", "{55D270C6-8888-49F8-95AF-C4BC7688DC83}"
EndProject
Global
	GlobalSection(SolutionConfigurationPlatforms) = preSolution
		Debug|Any CPU = Debug|Any CPU
		Release|Any CPU = Release|Any CPU
	EndGlobalSection
	GlobalSection(ProjectConfigurationPlatforms) = postSolution
		{006B7C3C-EC18-4F86-92DE-B667DE38E2E6}.Debug|Any CPU.ActiveCfg = Debug|Any CPU
		{006B7C3C-EC18-4F86-92DE-B667DE38E2E6}.Debug|Any CPU.Build.0 = Debug|Any CPU
		{006B7C3C-EC18-4F86-92DE-B667DE38E2E6}.Release|Any CPU.ActiveCfg = Release|Any CPU
		{006B7C3C-EC18-4F86-92DE-B667DE38E2E6}.Release|Any CPU.Build.0 = Release|Any CPU
		{7A2EAAA0-9EBF-40B4-BF74-92F1D8A6477D}.Debug|Any CPU.ActiveCfg = Debug|Any CPU
		{7A2EAAA0-9EBF-40B4-BF74-92F1D8A6477D}.Debug|Any CPU.Build.0 = Debug|Any CPU
		{7A2EAAA0-9EBF-40B4-BF74-92F1D8A6477D}.Release|Any CPU.ActiveCfg = Release|Any CPU
		{7A2EAAA0-9EBF-40B4-BF74-92F1D8A6477D}.Release|Any CPU.Build.0 = Release|Any CPU
		{9811680D-967E-4479-9BC5-30A8F58BD8E8}.Debug|Any CPU.ActiveCfg = Debug|Any CPU
		{9811680D-967E-4479-9BC5-30A8F58BD8E8}.Debug|Any CPU.Build.0 = Debug|Any CPU
		{9811680D-967E-4479-9BC5-30A8F58BD8E8}.Release|Any CPU.ActiveCfg = Release|Any CPU
		{9811680D-967E-4479-9BC5-30A8F58BD8E8}.Release|Any CPU.Build.0 = Release|Any CPU
		{E33D636F-6A26-45AF-97E8-5E9AE88B8481}.Debug|Any CPU.ActiveCfg = Debug|Any CPU
		{E33D636F-6A26-45AF-97E8-5E9AE88B8481}.Debug|Any CPU.Build.0 = Debug|Any CPU
		{E33D636F-6A26-45AF-97E8-5E9AE88B8481}.Release|Any CPU.ActiveCfg = Release|Any CPU
		{E33D636F-6A26-45AF-97E8-5E9AE88B8481}.Release|Any CPU.Build.0 = Release|Any CPU
		{6C44F5A0-6719-4907-9CD4-07678C4C4B13}.Debug|Any CPU.ActiveCfg = Debug|Any CPU
		{6C44F5A0-6719-4907-9CD4-07678C4C4B13}.Debug|Any CPU.Build.0 = Debug|Any CPU
		{6C44F5A0-6719-4907-9CD4-07678C4C4B13}.Release|Any CPU.ActiveCfg = Release|Any CPU
		{6C44F5A0-6719-4907-9CD4-07678C4C4B13}.Release|Any CPU.Build.0 = Release|Any CPU
		{D65B1370-A3B5-4880-98BD-13DD060741A6}.Debug|Any CPU.ActiveCfg = Debug|Any CPU
		{D65B1370-A3B5-4880-98BD-13DD060741A6}.Debug|Any CPU.Build.0 = Debug|Any CPU
		{D65B1370-A3B5-4880-98BD-13DD060741A6}.Release|Any CPU.ActiveCfg = Release|Any CPU
		{D65B1370-A3B5-4880-98BD-13DD060741A6}.Release|Any CPU.Build.0 = Release|Any CPU
		{04A0A01D-EC59-495D-B1C8-87A1F663CB85}.Debug|Any CPU.ActiveCfg = Debug|Any CPU
		{04A0A01D-EC59-495D-B1C8-87A1F663CB85}.Debug|Any CPU.Build.0 = Debug|Any CPU
		{04A0A01D-EC59-495D-B1C8-87A1F663CB85}.Release|Any CPU.ActiveCfg = Release|Any CPU
		{04A0A01D-EC59-495D-B1C8-87A1F663CB85}.Release|Any CPU.Build.0 = Release|Any CPU
		{93D5DCF4-7A74-40D4-9A6D-2C341B4E554A}.Debug|Any CPU.ActiveCfg = Debug|Any CPU
		{93D5DCF4-7A74-40D4-9A6D-2C341B4E554A}.Debug|Any CPU.Build.0 = Debug|Any CPU
		{93D5DCF4-7A74-40D4-9A6D-2C341B4E554A}.Release|Any CPU.ActiveCfg = Release|Any CPU
		{93D5DCF4-7A74-40D4-9A6D-2C341B4E554A}.Release|Any CPU.Build.0 = Release|Any CPU
		{863CA4E2-8307-4504-A645-3DC0D9D5E80C}.Debug|Any CPU.ActiveCfg = Debug|Any CPU
		{863CA4E2-8307-4504-A645-3DC0D9D5E80C}.Debug|Any CPU.Build.0 = Debug|Any CPU
		{863CA4E2-8307-4504-A645-3DC0D9D5E80C}.Release|Any CPU.ActiveCfg = Release|Any CPU
		{863CA4E2-8307-4504-A645-3DC0D9D5E80C}.Release|Any CPU.Build.0 = Release|Any CPU
		{2DFB9102-CD1A-44B8-912D-F19D18D42AF8}.Debug|Any CPU.ActiveCfg = Debug|Any CPU
		{2DFB9102-CD1A-44B8-912D-F19D18D42AF8}.Debug|Any CPU.Build.0 = Debug|Any CPU
		{2DFB9102-CD1A-44B8-912D-F19D18D42AF8}.Release|Any CPU.ActiveCfg = Release|Any CPU
		{2DFB9102-CD1A-44B8-912D-F19D18D42AF8}.Release|Any CPU.Build.0 = Release|Any CPU
		{B223185A-8333-45CA-97E0-AF0A940DD89A}.Debug|Any CPU.ActiveCfg = Debug|Any CPU
		{B223185A-8333-45CA-97E0-AF0A940DD89A}.Debug|Any CPU.Build.0 = Debug|Any CPU
		{B223185A-8333-45CA-97E0-AF0A940DD89A}.Release|Any CPU.ActiveCfg = Release|Any CPU
		{B223185A-8333-45CA-97E0-AF0A940DD89A}.Release|Any CPU.Build.0 = Release|Any CPU
		{C77DA69D-D1F4-472A-A9ED-65CE3B859382}.Debug|Any CPU.ActiveCfg = Debug|Any CPU
		{C77DA69D-D1F4-472A-A9ED-65CE3B859382}.Debug|Any CPU.Build.0 = Debug|Any CPU
		{C77DA69D-D1F4-472A-A9ED-65CE3B859382}.Release|Any CPU.ActiveCfg = Release|Any CPU
		{C77DA69D-D1F4-472A-A9ED-65CE3B859382}.Release|Any CPU.Build.0 = Release|Any CPU
		{70E279D5-F808-4CFC-8D2A-C5610E9F49F4}.Debug|Any CPU.ActiveCfg = Debug|Any CPU
		{70E279D5-F808-4CFC-8D2A-C5610E9F49F4}.Debug|Any CPU.Build.0 = Debug|Any CPU
		{70E279D5-F808-4CFC-8D2A-C5610E9F49F4}.Release|Any CPU.ActiveCfg = Release|Any CPU
		{70E279D5-F808-4CFC-8D2A-C5610E9F49F4}.Release|Any CPU.Build.0 = Release|Any CPU
		{9F731F1A-02B9-4659-93C7-82DC5FC98E6A}.Debug|Any CPU.ActiveCfg = Debug|Any CPU
		{9F731F1A-02B9-4659-93C7-82DC5FC98E6A}.Debug|Any CPU.Build.0 = Debug|Any CPU
		{9F731F1A-02B9-4659-93C7-82DC5FC98E6A}.Release|Any CPU.ActiveCfg = Release|Any CPU
		{9F731F1A-02B9-4659-93C7-82DC5FC98E6A}.Release|Any CPU.Build.0 = Release|Any CPU
		{A4426987-AA08-49C8-A83F-CB217393D080}.Debug|Any CPU.ActiveCfg = Debug|Any CPU
		{A4426987-AA08-49C8-A83F-CB217393D080}.Debug|Any CPU.Build.0 = Debug|Any CPU
		{A4426987-AA08-49C8-A83F-CB217393D080}.Release|Any CPU.ActiveCfg = Release|Any CPU
		{A4426987-AA08-49C8-A83F-CB217393D080}.Release|Any CPU.Build.0 = Release|Any CPU
		{BBD69E7D-CB5D-4788-B5F9-55DD14F2BB09}.Debug|Any CPU.ActiveCfg = Debug|Any CPU
		{BBD69E7D-CB5D-4788-B5F9-55DD14F2BB09}.Debug|Any CPU.Build.0 = Debug|Any CPU
		{BBD69E7D-CB5D-4788-B5F9-55DD14F2BB09}.Release|Any CPU.ActiveCfg = Release|Any CPU
		{BBD69E7D-CB5D-4788-B5F9-55DD14F2BB09}.Release|Any CPU.Build.0 = Release|Any CPU
		{32ED263E-DB21-4A77-84B2-9EFDF821FF5C}.Debug|Any CPU.ActiveCfg = Debug|Any CPU
		{32ED263E-DB21-4A77-84B2-9EFDF821FF5C}.Debug|Any CPU.Build.0 = Debug|Any CPU
		{32ED263E-DB21-4A77-84B2-9EFDF821FF5C}.Release|Any CPU.ActiveCfg = Release|Any CPU
		{32ED263E-DB21-4A77-84B2-9EFDF821FF5C}.Release|Any CPU.Build.0 = Release|Any CPU
		{36A0EBE5-85D2-4B9A-950E-F76787E30DA6}.Debug|Any CPU.ActiveCfg = Debug|Any CPU
		{36A0EBE5-85D2-4B9A-950E-F76787E30DA6}.Debug|Any CPU.Build.0 = Debug|Any CPU
		{36A0EBE5-85D2-4B9A-950E-F76787E30DA6}.Release|Any CPU.ActiveCfg = Release|Any CPU
		{36A0EBE5-85D2-4B9A-950E-F76787E30DA6}.Release|Any CPU.Build.0 = Release|Any CPU
		{AF7F2584-63E5-4F82-A240-5ABE0A07616C}.Debug|Any CPU.ActiveCfg = Debug|Any CPU
		{AF7F2584-63E5-4F82-A240-5ABE0A07616C}.Debug|Any CPU.Build.0 = Debug|Any CPU
		{AF7F2584-63E5-4F82-A240-5ABE0A07616C}.Release|Any CPU.ActiveCfg = Release|Any CPU
		{AF7F2584-63E5-4F82-A240-5ABE0A07616C}.Release|Any CPU.Build.0 = Release|Any CPU
		{A0524AA0-23CD-4FA3-B766-4F8B9B52B194}.Debug|Any CPU.ActiveCfg = Debug|Any CPU
		{A0524AA0-23CD-4FA3-B766-4F8B9B52B194}.Debug|Any CPU.Build.0 = Debug|Any CPU
		{A0524AA0-23CD-4FA3-B766-4F8B9B52B194}.Release|Any CPU.ActiveCfg = Release|Any CPU
		{A0524AA0-23CD-4FA3-B766-4F8B9B52B194}.Release|Any CPU.Build.0 = Release|Any CPU
		{8C2D2502-16A0-408D-A9FF-AC1E8A849AB0}.Debug|Any CPU.ActiveCfg = Debug|Any CPU
		{8C2D2502-16A0-408D-A9FF-AC1E8A849AB0}.Debug|Any CPU.Build.0 = Debug|Any CPU
		{8C2D2502-16A0-408D-A9FF-AC1E8A849AB0}.Release|Any CPU.ActiveCfg = Release|Any CPU
		{8C2D2502-16A0-408D-A9FF-AC1E8A849AB0}.Release|Any CPU.Build.0 = Release|Any CPU
		{8EA5EEAF-7328-4A97-99C2-29A9A236647E}.Debug|Any CPU.ActiveCfg = Debug|Any CPU
		{8EA5EEAF-7328-4A97-99C2-29A9A236647E}.Debug|Any CPU.Build.0 = Debug|Any CPU
		{8EA5EEAF-7328-4A97-99C2-29A9A236647E}.Release|Any CPU.ActiveCfg = Release|Any CPU
		{8EA5EEAF-7328-4A97-99C2-29A9A236647E}.Release|Any CPU.Build.0 = Release|Any CPU
		{9A0386B1-DB28-4BD0-AC36-E21FE56A50A3}.Debug|Any CPU.ActiveCfg = Debug|Any CPU
		{9A0386B1-DB28-4BD0-AC36-E21FE56A50A3}.Debug|Any CPU.Build.0 = Debug|Any CPU
		{9A0386B1-DB28-4BD0-AC36-E21FE56A50A3}.Release|Any CPU.ActiveCfg = Release|Any CPU
		{9A0386B1-DB28-4BD0-AC36-E21FE56A50A3}.Release|Any CPU.Build.0 = Release|Any CPU
		{137B77DA-B623-45D4-8641-7F91C59BE224}.Debug|Any CPU.ActiveCfg = Debug|Any CPU
		{137B77DA-B623-45D4-8641-7F91C59BE224}.Debug|Any CPU.Build.0 = Debug|Any CPU
		{137B77DA-B623-45D4-8641-7F91C59BE224}.Release|Any CPU.ActiveCfg = Release|Any CPU
		{137B77DA-B623-45D4-8641-7F91C59BE224}.Release|Any CPU.Build.0 = Release|Any CPU
		{8454AE0B-0A42-466B-86FD-1BB670C7C30F}.Debug|Any CPU.ActiveCfg = Debug|Any CPU
		{8454AE0B-0A42-466B-86FD-1BB670C7C30F}.Debug|Any CPU.Build.0 = Debug|Any CPU
		{8454AE0B-0A42-466B-86FD-1BB670C7C30F}.Release|Any CPU.ActiveCfg = Release|Any CPU
		{8454AE0B-0A42-466B-86FD-1BB670C7C30F}.Release|Any CPU.Build.0 = Release|Any CPU
		{3290FE50-9218-4A5C-875B-F46678C2D4E0}.Debug|Any CPU.ActiveCfg = Debug|Any CPU
		{3290FE50-9218-4A5C-875B-F46678C2D4E0}.Debug|Any CPU.Build.0 = Debug|Any CPU
		{3290FE50-9218-4A5C-875B-F46678C2D4E0}.Release|Any CPU.ActiveCfg = Release|Any CPU
		{3290FE50-9218-4A5C-875B-F46678C2D4E0}.Release|Any CPU.Build.0 = Release|Any CPU
		{3B71AA60-B0BF-44FB-A68B-B756A65A2441}.Debug|Any CPU.ActiveCfg = Debug|Any CPU
		{3B71AA60-B0BF-44FB-A68B-B756A65A2441}.Debug|Any CPU.Build.0 = Debug|Any CPU
		{3B71AA60-B0BF-44FB-A68B-B756A65A2441}.Release|Any CPU.ActiveCfg = Release|Any CPU
		{3B71AA60-B0BF-44FB-A68B-B756A65A2441}.Release|Any CPU.Build.0 = Release|Any CPU
		{F33578FB-C0CD-4589-A3A3-580ED599593B}.Debug|Any CPU.ActiveCfg = Debug|Any CPU
		{F33578FB-C0CD-4589-A3A3-580ED599593B}.Debug|Any CPU.Build.0 = Debug|Any CPU
		{F33578FB-C0CD-4589-A3A3-580ED599593B}.Release|Any CPU.ActiveCfg = Release|Any CPU
		{F33578FB-C0CD-4589-A3A3-580ED599593B}.Release|Any CPU.Build.0 = Release|Any CPU
		{75CE8287-FA28-469A-AF34-75C4331FFF6C}.Debug|Any CPU.ActiveCfg = Debug|Any CPU
		{75CE8287-FA28-469A-AF34-75C4331FFF6C}.Debug|Any CPU.Build.0 = Debug|Any CPU
		{75CE8287-FA28-469A-AF34-75C4331FFF6C}.Release|Any CPU.ActiveCfg = Release|Any CPU
		{75CE8287-FA28-469A-AF34-75C4331FFF6C}.Release|Any CPU.Build.0 = Release|Any CPU
		{D4A28A75-6FBF-47DD-9C7B-6321A409339F}.Debug|Any CPU.ActiveCfg = Debug|Any CPU
		{D4A28A75-6FBF-47DD-9C7B-6321A409339F}.Debug|Any CPU.Build.0 = Debug|Any CPU
		{D4A28A75-6FBF-47DD-9C7B-6321A409339F}.Release|Any CPU.ActiveCfg = Release|Any CPU
		{D4A28A75-6FBF-47DD-9C7B-6321A409339F}.Release|Any CPU.Build.0 = Release|Any CPU
		{9B4D4A6E-11AC-4E74-A477-744ED16ABCE0}.Debug|Any CPU.ActiveCfg = Debug|Any CPU
		{9B4D4A6E-11AC-4E74-A477-744ED16ABCE0}.Debug|Any CPU.Build.0 = Debug|Any CPU
		{9B4D4A6E-11AC-4E74-A477-744ED16ABCE0}.Release|Any CPU.ActiveCfg = Release|Any CPU
		{9B4D4A6E-11AC-4E74-A477-744ED16ABCE0}.Release|Any CPU.Build.0 = Release|Any CPU
		{592B8EEF-6251-4C30-B57E-ACA77F21F216}.Debug|Any CPU.ActiveCfg = Debug|Any CPU
		{592B8EEF-6251-4C30-B57E-ACA77F21F216}.Debug|Any CPU.Build.0 = Debug|Any CPU
		{592B8EEF-6251-4C30-B57E-ACA77F21F216}.Release|Any CPU.ActiveCfg = Release|Any CPU
		{592B8EEF-6251-4C30-B57E-ACA77F21F216}.Release|Any CPU.Build.0 = Release|Any CPU
		{C1998B2A-DAB9-4630-A498-AFF95139FC70}.Debug|Any CPU.ActiveCfg = Debug|Any CPU
		{C1998B2A-DAB9-4630-A498-AFF95139FC70}.Debug|Any CPU.Build.0 = Debug|Any CPU
		{C1998B2A-DAB9-4630-A498-AFF95139FC70}.Release|Any CPU.ActiveCfg = Release|Any CPU
		{C1998B2A-DAB9-4630-A498-AFF95139FC70}.Release|Any CPU.Build.0 = Release|Any CPU
		{AA7ED556-3169-47B3-88DF-42CAD8563522}.Debug|Any CPU.ActiveCfg = Debug|Any CPU
		{AA7ED556-3169-47B3-88DF-42CAD8563522}.Debug|Any CPU.Build.0 = Debug|Any CPU
		{AA7ED556-3169-47B3-88DF-42CAD8563522}.Release|Any CPU.ActiveCfg = Release|Any CPU
		{AA7ED556-3169-47B3-88DF-42CAD8563522}.Release|Any CPU.Build.0 = Release|Any CPU
		{269A48C0-4837-421E-9F52-00A376C929D4}.Debug|Any CPU.ActiveCfg = Debug|Any CPU
		{269A48C0-4837-421E-9F52-00A376C929D4}.Debug|Any CPU.Build.0 = Debug|Any CPU
		{269A48C0-4837-421E-9F52-00A376C929D4}.Release|Any CPU.ActiveCfg = Release|Any CPU
		{269A48C0-4837-421E-9F52-00A376C929D4}.Release|Any CPU.Build.0 = Release|Any CPU
		{55D270C6-8888-49F8-95AF-C4BC7688DC83}.Debug|Any CPU.ActiveCfg = Debug|Any CPU
		{55D270C6-8888-49F8-95AF-C4BC7688DC83}.Debug|Any CPU.Build.0 = Debug|Any CPU
		{55D270C6-8888-49F8-95AF-C4BC7688DC83}.Release|Any CPU.ActiveCfg = Release|Any CPU
		{55D270C6-8888-49F8-95AF-C4BC7688DC83}.Release|Any CPU.Build.0 = Release|Any CPU
	EndGlobalSection
	GlobalSection(SolutionProperties) = preSolution
		HideSolutionNode = FALSE
	EndGlobalSection
	GlobalSection(ExtensibilityGlobals) = postSolution
		SolutionGuid = {27D49361-A3E4-4B3F-ADEE-8E57687B13FE}
	EndGlobalSection
EndGlobal
