
Microsoft Visual Studio Solution File, Format Version 12.00
# Visual Studio Version 16
VisualStudioVersion = 16.0.34301.259
MinimumVisualStudioVersion = 10.0.40219.1
Project("{FAE04EC0-301F-11D3-BF4B-00C04F79EFBC}") = "LambdaExamples", "LambdaExamples\LambdaExamples.csproj", "{006B7C3C-EC18-4F86-92DE-B667DE38E2E6}"
EndProject
Project("{FAE04EC0-301F-11D3-BF4B-00C04F79EFBC}") = "GenericExamples", "GenericExamples\GenericExamples.csproj", "{7A2EAAA0-9EBF-40B4-BF74-92F1D8A6477D}"
EndProject
Project("{FAE04EC0-301F-11D3-BF4B-00C04F79EFBC}") = "LINQExamples", "LINQExamples\LINQExamples.csproj", "{9811680D-967E-4479-9BC5-30A8F58BD8E8}"
EndProject
Project("{FAE04EC0-301F-11D3-BF4B-00C04F79EFBC}") = "EffectiveCSharpExamples", "EffectiveCSharpExamples\EffectiveCSharpExamples.csproj", "{E33D636F-6A26-45AF-97E8-5E9AE88B8481}"
EndProject
Project("{FAE04EC0-301F-11D3-BF4B-00C04F79EFBC}") = "SqliteExamples", "SqliteExamples\SqliteExamples.csproj", "{6C44F5A0-6719-4907-9CD4-07678C4C4B13}"
EndProject
Project("{FAE04EC0-301F-11D3-BF4B-00C04F79EFBC}") = "EntityFrameworkExamples", "EntityFrameworkExamples\EntityFrameworkExamples.csproj", "{D65B1370-A3B5-4880-98BD-13DD060741A6}"
EndProject
Project("{FAE04EC0-301F-11D3-BF4B-00C04F79EFBC}") = "ArrayExamples", "ArrayExamples\ArrayExamples.csproj", "{04A0A01D-EC59-495D-B1C8-87A1F663CB85}"
EndProject
Project("{FAE04EC0-301F-11D3-BF4B-00C04F79EFBC}") = "ListIListExamples", "ListIListExamples\ListIListExamples.csproj", "{93D5DCF4-7A74-40D4-9A6D-2C341B4E554A}"
EndProject
Project("{FAE04EC0-301F-11D3-BF4B-00C04F79EFBC}") = "MinimalExample", "MinimalExample\MinimalExample.csproj", "{863CA4E2-8307-4504-A645-3DC0D9D5E80C}"
EndProject
Project("{FAE04EC0-301F-11D3-BF4B-00C04F79EFBC}") = "DataTypeExamples", "DataTypeExamples\DataTypeExamples.csproj", "{2DFB9102-CD1A-44B8-912D-F19D18D42AF8}"
EndProject
Project("{FAE04EC0-301F-11D3-BF4B-00C04F79EFBC}") = "StructExamples", "StructExamples\StructExamples.csproj", "{B223185A-8333-45CA-97E0-AF0A940DD89A}"
EndProject
Project("{FAE04EC0-301F-11D3-BF4B-00C04F79EFBC}") = "InterfaceExample", "InterfaceExample\InterfaceExample.csproj", "{C77DA69D-D1F4-472A-A9ED-65CE3B859382}"
EndProject
Project("{FAE04EC0-301F-11D3-BF4B-00C04F79EFBC}") = "ConstExamples", "ConstExamples\ConstExamples.csproj", "{70E279D5-F808-4CFC-8D2A-C5610E9F49F4}"
EndProject
Project("{FAE04EC0-301F-11D3-BF4B-00C04F79EFBC}") = "InputExamples", "InputExamples\InputExamples.csproj", "{9F731F1A-02B9-4659-93C7-82DC5FC98E6A}"
EndProject
Project("{FAE04EC0-301F-11D3-BF4B-00C04F79EFBC}") = "MathExamples", "MathExamples\MathExamples.csproj", "{A4426987-AA08-49C8-A83F-CB217393D080}"
EndProject
Project("{FAE04EC0-301F-11D3-BF4B-00C04F79EFBC}") = "ClassExamples", "ClassExamples\ClassExamples.csproj", "{BBD69E7D-CB5D-4788-B5F9-55DD14F2BB09}"
EndProject
Project("{FAE04EC0-301F-11D3-BF4B-00C04F79EFBC}") = "DelegateExamples", "DelegateExamples\DelegateExamples.csproj", "{32ED263E-DB21-4A77-84B2-9EFDF821FF5C}"
EndProject
Project("{FAE04EC0-301F-11D3-BF4B-00C04F79EFBC}") = "VisualStudioExtensionExample", "VisualStudioExtensionExample\VisualStudioExtensionExample.csproj", "{36A0EBE5-85D2-4B9A-950E-F76787E30DA6}"
EndProject
Global
	GlobalSection(SolutionConfigurationPlatforms) = preSolution
		Debug|Any CPU = Debug|Any CPU
		Release|Any CPU = Release|Any CPU
	EndGlobalSection
	GlobalSection(ProjectConfigurationPlatforms) = postSolution
		{006B7C3C-EC18-4F86-92DE-B667DE38E2E6}.Debug|Any CPU.ActiveCfg = Debug|Any CPU
		{006B7C3C-EC18-4F86-92DE-B667DE38E2E6}.Debug|Any CPU.Build.0 = Debug|Any CPU
		{006B7C3C-EC18-4F86-92DE-B667DE38E2E6}.Release|Any CPU.ActiveCfg = Release|Any CPU
		{006B7C3C-EC18-4F86-92DE-B667DE38E2E6}.Release|Any CPU.Build.0 = Release|Any CPU
		{7A2EAAA0-9EBF-40B4-BF74-92F1D8A6477D}.Debug|Any CPU.ActiveCfg = Debug|Any CPU
		{7A2EAAA0-9EBF-40B4-BF74-92F1D8A6477D}.Debug|Any CPU.Build.0 = Debug|Any CPU
		{7A2EAAA0-9EBF-40B4-BF74-92F1D8A6477D}.Release|Any CPU.ActiveCfg = Release|Any CPU
		{7A2EAAA0-9EBF-40B4-BF74-92F1D8A6477D}.Release|Any CPU.Build.0 = Release|Any CPU
		{9811680D-967E-4479-9BC5-30A8F58BD8E8}.Debug|Any CPU.ActiveCfg = Debug|Any CPU
		{9811680D-967E-4479-9BC5-30A8F58BD8E8}.Debug|Any CPU.Build.0 = Debug|Any CPU
		{9811680D-967E-4479-9BC5-30A8F58BD8E8}.Release|Any CPU.ActiveCfg = Release|Any CPU
		{9811680D-967E-4479-9BC5-30A8F58BD8E8}.Release|Any CPU.Build.0 = Release|Any CPU
		{E33D636F-6A26-45AF-97E8-5E9AE88B8481}.Debug|Any CPU.ActiveCfg = Debug|Any CPU
		{E33D636F-6A26-45AF-97E8-5E9AE88B8481}.Debug|Any CPU.Build.0 = Debug|Any CPU
		{E33D636F-6A26-45AF-97E8-5E9AE88B8481}.Release|Any CPU.ActiveCfg = Release|Any CPU
		{E33D636F-6A26-45AF-97E8-5E9AE88B8481}.Release|Any CPU.Build.0 = Release|Any CPU
		{6C44F5A0-6719-4907-9CD4-07678C4C4B13}.Debug|Any CPU.ActiveCfg = Debug|Any CPU
		{6C44F5A0-6719-4907-9CD4-07678C4C4B13}.Debug|Any CPU.Build.0 = Debug|Any CPU
		{6C44F5A0-6719-4907-9CD4-07678C4C4B13}.Release|Any CPU.ActiveCfg = Release|Any CPU
		{6C44F5A0-6719-4907-9CD4-07678C4C4B13}.Release|Any CPU.Build.0 = Release|Any CPU
		{D65B1370-A3B5-4880-98BD-13DD060741A6}.Debug|Any CPU.ActiveCfg = Debug|Any CPU
		{D65B1370-A3B5-4880-98BD-13DD060741A6}.Debug|Any CPU.Build.0 = Debug|Any CPU
		{D65B1370-A3B5-4880-98BD-13DD060741A6}.Release|Any CPU.ActiveCfg = Release|Any CPU
		{D65B1370-A3B5-4880-98BD-13DD060741A6}.Release|Any CPU.Build.0 = Release|Any CPU
		{04A0A01D-EC59-495D-B1C8-87A1F663CB85}.Debug|Any CPU.ActiveCfg = Debug|Any CPU
		{04A0A01D-EC59-495D-B1C8-87A1F663CB85}.Debug|Any CPU.Build.0 = Debug|Any CPU
		{04A0A01D-EC59-495D-B1C8-87A1F663CB85}.Release|Any CPU.ActiveCfg = Release|Any CPU
		{04A0A01D-EC59-495D-B1C8-87A1F663CB85}.Release|Any CPU.Build.0 = Release|Any CPU
		{93D5DCF4-7A74-40D4-9A6D-2C341B4E554A}.Debug|Any CPU.ActiveCfg = Debug|Any CPU
		{93D5DCF4-7A74-40D4-9A6D-2C341B4E554A}.Debug|Any CPU.Build.0 = Debug|Any CPU
		{93D5DCF4-7A74-40D4-9A6D-2C341B4E554A}.Release|Any CPU.ActiveCfg = Release|Any CPU
		{93D5DCF4-7A74-40D4-9A6D-2C341B4E554A}.Release|Any CPU.Build.0 = Release|Any CPU
		{863CA4E2-8307-4504-A645-3DC0D9D5E80C}.Debug|Any CPU.ActiveCfg = Debug|Any CPU
		{863CA4E2-8307-4504-A645-3DC0D9D5E80C}.Debug|Any CPU.Build.0 = Debug|Any CPU
		{863CA4E2-8307-4504-A645-3DC0D9D5E80C}.Release|Any CPU.ActiveCfg = Release|Any CPU
		{863CA4E2-8307-4504-A645-3DC0D9D5E80C}.Release|Any CPU.Build.0 = Release|Any CPU
		{2DFB9102-CD1A-44B8-912D-F19D18D42AF8}.Debug|Any CPU.ActiveCfg = Debug|Any CPU
		{2DFB9102-CD1A-44B8-912D-F19D18D42AF8}.Debug|Any CPU.Build.0 = Debug|Any CPU
		{2DFB9102-CD1A-44B8-912D-F19D18D42AF8}.Release|Any CPU.ActiveCfg = Release|Any CPU
		{2DFB9102-CD1A-44B8-912D-F19D18D42AF8}.Release|Any CPU.Build.0 = Release|Any CPU
		{B223185A-8333-45CA-97E0-AF0A940DD89A}.Debug|Any CPU.ActiveCfg = Debug|Any CPU
		{B223185A-8333-45CA-97E0-AF0A940DD89A}.Debug|Any CPU.Build.0 = Debug|Any CPU
		{B223185A-8333-45CA-97E0-AF0A940DD89A}.Release|Any CPU.ActiveCfg = Release|Any CPU
		{B223185A-8333-45CA-97E0-AF0A940DD89A}.Release|Any CPU.Build.0 = Release|Any CPU
		{C77DA69D-D1F4-472A-A9ED-65CE3B859382}.Debug|Any CPU.ActiveCfg = Debug|Any CPU
		{C77DA69D-D1F4-472A-A9ED-65CE3B859382}.Debug|Any CPU.Build.0 = Debug|Any CPU
		{C77DA69D-D1F4-472A-A9ED-65CE3B859382}.Release|Any CPU.ActiveCfg = Release|Any CPU
		{C77DA69D-D1F4-472A-A9ED-65CE3B859382}.Release|Any CPU.Build.0 = Release|Any CPU
		{70E279D5-F808-4CFC-8D2A-C5610E9F49F4}.Debug|Any CPU.ActiveCfg = Debug|Any CPU
		{70E279D5-F808-4CFC-8D2A-C5610E9F49F4}.Debug|Any CPU.Build.0 = Debug|Any CPU
		{70E279D5-F808-4CFC-8D2A-C5610E9F49F4}.Release|Any CPU.ActiveCfg = Release|Any CPU
		{70E279D5-F808-4CFC-8D2A-C5610E9F49F4}.Release|Any CPU.Build.0 = Release|Any CPU
		{9F731F1A-02B9-4659-93C7-82DC5FC98E6A}.Debug|Any CPU.ActiveCfg = Debug|Any CPU
		{9F731F1A-02B9-4659-93C7-82DC5FC98E6A}.Debug|Any CPU.Build.0 = Debug|Any CPU
		{9F731F1A-02B9-4659-93C7-82DC5FC98E6A}.Release|Any CPU.ActiveCfg = Release|Any CPU
		{9F731F1A-02B9-4659-93C7-82DC5FC98E6A}.Release|Any CPU.Build.0 = Release|Any CPU
		{A4426987-AA08-49C8-A83F-CB217393D080}.Debug|Any CPU.ActiveCfg = Debug|Any CPU
		{A4426987-AA08-49C8-A83F-CB217393D080}.Debug|Any CPU.Build.0 = Debug|Any CPU
		{A4426987-AA08-49C8-A83F-CB217393D080}.Release|Any CPU.ActiveCfg = Release|Any CPU
		{A4426987-AA08-49C8-A83F-CB217393D080}.Release|Any CPU.Build.0 = Release|Any CPU
		{BBD69E7D-CB5D-4788-B5F9-55DD14F2BB09}.Debug|Any CPU.ActiveCfg = Debug|Any CPU
		{BBD69E7D-CB5D-4788-B5F9-55DD14F2BB09}.Debug|Any CPU.Build.0 = Debug|Any CPU
		{BBD69E7D-CB5D-4788-B5F9-55DD14F2BB09}.Release|Any CPU.ActiveCfg = Release|Any CPU
		{BBD69E7D-CB5D-4788-B5F9-55DD14F2BB09}.Release|Any CPU.Build.0 = Release|Any CPU
		{32ED263E-DB21-4A77-84B2-9EFDF821FF5C}.Debug|Any CPU.ActiveCfg = Debug|Any CPU
		{32ED263E-DB21-4A77-84B2-9EFDF821FF5C}.Debug|Any CPU.Build.0 = Debug|Any CPU
		{32ED263E-DB21-4A77-84B2-9EFDF821FF5C}.Release|Any CPU.ActiveCfg = Release|Any CPU
		{32ED263E-DB21-4A77-84B2-9EFDF821FF5C}.Release|Any CPU.Build.0 = Release|Any CPU
		{36A0EBE5-85D2-4B9A-950E-F76787E30DA6}.Debug|Any CPU.ActiveCfg = Debug|Any CPU
		{36A0EBE5-85D2-4B9A-950E-F76787E30DA6}.Debug|Any CPU.Build.0 = Debug|Any CPU
		{36A0EBE5-85D2-4B9A-950E-F76787E30DA6}.Release|Any CPU.ActiveCfg = Release|Any CPU
		{36A0EBE5-85D2-4B9A-950E-F76787E30DA6}.Release|Any CPU.Build.0 = Release|Any CPU
	EndGlobalSection
	GlobalSection(SolutionProperties) = preSolution
		HideSolutionNode = FALSE
	EndGlobalSection
	GlobalSection(ExtensibilityGlobals) = postSolution
		SolutionGuid = {27D49361-A3E4-4B3F-ADEE-8E57687B13FE}
	EndGlobalSection
EndGlobal
